
Microsoft Visual Studio Solution File, Format Version 12.00
# Visual Studio 15
VisualStudioVersion = 15.0.28307.136
MinimumVisualStudioVersion = 10.0.40219.1
Project("{8BC9CEB8-8B4A-11D0-8D11-00A0C91BC942}") = "Day2_InventoryManagementSystem_Part2", "Day2_InventoryManagementSystem_Part2\Day2_InventoryManagementSystem_Part2.vcxproj", "{FD715378-8A7C-473E-9EB5-F9B035122F81}"
EndProject
Project("{8BC9CEB8-8B4A-11D0-8D11-00A0C91BC942}") = "Day3_NoMatterHowYouSliceIt_Part1", "Day3_NoMatterHowYouSliceIt_Part1\Day3_NoMatterHowYouSliceIt_Part1.vcxproj", "{1CB94034-26C9-44E0-A135-D90F49B8334A}"
EndProject
Project("{8BC9CEB8-8B4A-11D0-8D11-00A0C91BC942}") = "Day3_NoMatterHowYouSliceIt_Part2", "Day3_NoMatterHowYouSliceIt_Part2\Day3_NoMatterHowYouSliceIt_Part2.vcxproj", "{EB2E67C1-CF89-4504-9489-BC3A7B11198F}"
EndProject
Project("{8BC9CEB8-8B4A-11D0-8D11-00A0C91BC942}") = "Day4_ReposeRecord_Part1", "Day4_ReposeRecord_Part1\Day4_ReposeRecord_Part1.vcxproj", "{A337E241-F827-4CE0-B34C-48ABDF93C286}"
EndProject
Project("{8BC9CEB8-8B4A-11D0-8D11-00A0C91BC942}") = "Day4_ReposeRecord_Part2", "Day4_ReposeRecord_Part2\Day4_ReposeRecord_Part2.vcxproj", "{F146BC95-79F1-4A92-AEBD-E2F5BA48B582}"
EndProject
Global
	GlobalSection(SolutionConfigurationPlatforms) = preSolution
		Debug|x64 = Debug|x64
		Debug|x86 = Debug|x86
		Release|x64 = Release|x64
		Release|x86 = Release|x86
	EndGlobalSection
	GlobalSection(ProjectConfigurationPlatforms) = postSolution
		{FD715378-8A7C-473E-9EB5-F9B035122F81}.Debug|x64.ActiveCfg = Debug|x64
		{FD715378-8A7C-473E-9EB5-F9B035122F81}.Debug|x64.Build.0 = Debug|x64
		{FD715378-8A7C-473E-9EB5-F9B035122F81}.Debug|x86.ActiveCfg = Debug|Win32
		{FD715378-8A7C-473E-9EB5-F9B035122F81}.Debug|x86.Build.0 = Debug|Win32
		{FD715378-8A7C-473E-9EB5-F9B035122F81}.Release|x64.ActiveCfg = Release|x64
		{FD715378-8A7C-473E-9EB5-F9B035122F81}.Release|x64.Build.0 = Release|x64
		{FD715378-8A7C-473E-9EB5-F9B035122F81}.Release|x86.ActiveCfg = Release|Win32
		{FD715378-8A7C-473E-9EB5-F9B035122F81}.Release|x86.Build.0 = Release|Win32
		{1CB94034-26C9-44E0-A135-D90F49B8334A}.Debug|x64.ActiveCfg = Debug|x64
		{1CB94034-26C9-44E0-A135-D90F49B8334A}.Debug|x64.Build.0 = Debug|x64
		{1CB94034-26C9-44E0-A135-D90F49B8334A}.Debug|x86.ActiveCfg = Debug|Win32
		{1CB94034-26C9-44E0-A135-D90F49B8334A}.Debug|x86.Build.0 = Debug|Win32
		{1CB94034-26C9-44E0-A135-D90F49B8334A}.Release|x64.ActiveCfg = Release|x64
		{1CB94034-26C9-44E0-A135-D90F49B8334A}.Release|x64.Build.0 = Release|x64
		{1CB94034-26C9-44E0-A135-D90F49B8334A}.Release|x86.ActiveCfg = Release|Win32
		{1CB94034-26C9-44E0-A135-D90F49B8334A}.Release|x86.Build.0 = Release|Win32
		{EB2E67C1-CF89-4504-9489-BC3A7B11198F}.Debug|x64.ActiveCfg = Debug|x64
		{EB2E67C1-CF89-4504-9489-BC3A7B11198F}.Debug|x64.Build.0 = Debug|x64
		{EB2E67C1-CF89-4504-9489-BC3A7B11198F}.Debug|x86.ActiveCfg = Debug|Win32
		{EB2E67C1-CF89-4504-9489-BC3A7B11198F}.Debug|x86.Build.0 = Debug|Win32
		{EB2E67C1-CF89-4504-9489-BC3A7B11198F}.Release|x64.ActiveCfg = Release|x64
		{EB2E67C1-CF89-4504-9489-BC3A7B11198F}.Release|x64.Build.0 = Release|x64
		{EB2E67C1-CF89-4504-9489-BC3A7B11198F}.Release|x86.ActiveCfg = Release|Win32
		{EB2E67C1-CF89-4504-9489-BC3A7B11198F}.Release|x86.Build.0 = Release|Win32
		{A337E241-F827-4CE0-B34C-48ABDF93C286}.Debug|x64.ActiveCfg = Debug|x64
		{A337E241-F827-4CE0-B34C-48ABDF93C286}.Debug|x64.Build.0 = Debug|x64
		{A337E241-F827-4CE0-B34C-48ABDF93C286}.Debug|x86.ActiveCfg = Debug|Win32
		{A337E241-F827-4CE0-B34C-48ABDF93C286}.Debug|x86.Build.0 = Debug|Win32
		{A337E241-F827-4CE0-B34C-48ABDF93C286}.Release|x64.ActiveCfg = Release|x64
		{A337E241-F827-4CE0-B34C-48ABDF93C286}.Release|x64.Build.0 = Release|x64
		{A337E241-F827-4CE0-B34C-48ABDF93C286}.Release|x86.ActiveCfg = Release|Win32
		{A337E241-F827-4CE0-B34C-48ABDF93C286}.Release|x86.Build.0 = Release|Win32
		{F146BC95-79F1-4A92-AEBD-E2F5BA48B582}.Debug|x64.ActiveCfg = Debug|x64
		{F146BC95-79F1-4A92-AEBD-E2F5BA48B582}.Debug|x64.Build.0 = Debug|x64
		{F146BC95-79F1-4A92-AEBD-E2F5BA48B582}.Debug|x86.ActiveCfg = Debug|Win32
		{F146BC95-79F1-4A92-AEBD-E2F5BA48B582}.Debug|x86.Build.0 = Debug|Win32
		{F146BC95-79F1-4A92-AEBD-E2F5BA48B582}.Release|x64.ActiveCfg = Release|x64
		{F146BC95-79F1-4A92-AEBD-E2F5BA48B582}.Release|x64.Build.0 = Release|x64
		{F146BC95-79F1-4A92-AEBD-E2F5BA48B582}.Release|x86.ActiveCfg = Release|Win32
		{F146BC95-79F1-4A92-AEBD-E2F5BA48B582}.Release|x86.Build.0 = Release|Win32
	EndGlobalSection
	GlobalSection(SolutionProperties) = preSolution
		HideSolutionNode = FALSE
	EndGlobalSection
	GlobalSection(ExtensibilityGlobals) = postSolution
		SolutionGuid = {3E4EB657-B36F-4663-9994-C7AEFE39476A}
	EndGlobalSection
EndGlobal
