
Microsoft Visual Studio Solution File, Format Version 12.00
# Visual Studio 15
VisualStudioVersion = 15.0.28307.136
MinimumVisualStudioVersion = 10.0.40219.1
Project("{8BC9CEB8-8B4A-11D0-8D11-00A0C91BC942}") = "Day2_InventoryManagementSystem_Part2", "Day2_InventoryManagementSystem_Part2\Day2_InventoryManagementSystem_Part2.vcxproj", "{FD715378-8A7C-473E-9EB5-F9B035122F81}"
EndProject
Project("{8BC9CEB8-8B4A-11D0-8D11-00A0C91BC942}") = "Day3_NoMatterHowYouSliceIt_Part1", "Day3_NoMatterHowYouSliceIt_Part1\Day3_NoMatterHowYouSliceIt_Part1.vcxproj", "{1CB94034-26C9-44E0-A135-D90F49B8334A}"
EndProject
Project("{8BC9CEB8-8B4A-11D0-8D11-00A0C91BC942}") = "Day3_NoMatterHowYouSliceIt_Part2", "Day3_NoMatterHowYouSliceIt_Part2\Day3_NoMatterHowYouSliceIt_Part2.vcxproj", "{EB2E67C1-CF89-4504-9489-BC3A7B11198F}"
EndProject
Project("{8BC9CEB8-8B4A-11D0-8D11-00A0C91BC942}") = "Day4_ReposeRecord_Part1", "Day4_ReposeRecord_Part1\Day4_ReposeRecord_Part1.vcxproj", "{A337E241-F827-4CE0-B34C-48ABDF93C286}"
EndProject
Project("{8BC9CEB8-8B4A-11D0-8D11-00A0C91BC942}") = "Day4_ReposeRecord_Part2", "Day4_ReposeRecord_Part2\Day4_ReposeRecord_Part2.vcxproj", "{F146BC95-79F1-4A92-AEBD-E2F5BA48B582}"
EndProject
Project("{8BC9CEB8-8B4A-11D0-8D11-00A0C91BC942}") = "Day5_AlchemicalReduction_Part1", "Day5_AlchemicalReduction_Part1\Day5_AlchemicalReduction_Part1.vcxproj", "{6D4D780B-C9EA-4433-BA7D-ED9E83AA9B32}"
EndProject
Project("{8BC9CEB8-8B4A-11D0-8D11-00A0C91BC942}") = "Day5_AlchemicalReduction_Part2", "Day5_AlchemicalReduction_Part2\Day5_AlchemicalReduction_Part2.vcxproj", "{7CEBD27F-973B-4745-8EF3-10D28DDAA221}"
EndProject
Project("{8BC9CEB8-8B4A-11D0-8D11-00A0C91BC942}") = "Day6_ChronalCoordinates_Part1", "Day6_ChronalCoordinates_Part1\Day6_ChronalCoordinates_Part1.vcxproj", "{6524E47D-0C3F-4139-99AB-F1C899703B62}"
EndProject
Project("{8BC9CEB8-8B4A-11D0-8D11-00A0C91BC942}") = "Day6_ChronalCoordinates_Part2", "Day6_ChronalCoordinates_Part2\Day6_ChronalCoordinates_Part2.vcxproj", "{1C734BFA-57D5-428D-8876-7A853D801C4B}"
EndProject
Project("{8BC9CEB8-8B4A-11D0-8D11-00A0C91BC942}") = "Day7_TheSumOfItsParts_Part1", "Day7_TheSumOfItsParts_Part1\Day7_TheSumOfItsParts_Part1.vcxproj", "{BB29D2D9-CA0B-4832-AD66-F912E460B2FF}"
EndProject
Project("{8BC9CEB8-8B4A-11D0-8D11-00A0C91BC942}") = "Day7_TheSumOfItsParts_Common", "Day7_TheSumOfItsParts_Common\Day7_TheSumOfItsParts_Common.vcxitems", "{F7A6570B-8394-4383-9D01-A0DA24F7B414}"
EndProject
Project("{8BC9CEB8-8B4A-11D0-8D11-00A0C91BC942}") = "Day7_TheSumOfItsParts_Part2", "Day7_TheSumOfItsParts_Part2\Day7_TheSumOfItsParts_Part2.vcxproj", "{17BA319B-6217-4F00-9DBA-92E946309569}"
EndProject
Project("{8BC9CEB8-8B4A-11D0-8D11-00A0C91BC942}") = "Day8_MemoryManeuver_Common", "Day8_MemoryManeuver_Common\Day8_MemoryManeuver_Common.vcxitems", "{0099A750-FBAD-4005-B51D-CE3C10EDBBAA}"
EndProject
Project("{8BC9CEB8-8B4A-11D0-8D11-00A0C91BC942}") = "Day8_MemoryManeuver_Part1", "Day8_MemoryManeuver_Part1\Day8_MemoryManeuver_Part1.vcxproj", "{33351026-0A7D-4C8E-8083-AEE9946F8770}"
EndProject
Project("{8BC9CEB8-8B4A-11D0-8D11-00A0C91BC942}") = "Day8_MemoryManeuver_Part2", "Day8_MemoryManeuver_Part2\Day8_MemoryManeuver_Part2.vcxproj", "{343312EB-9A8B-48F5-8857-E45ABCCA6643}"
EndProject
Project("{8BC9CEB8-8B4A-11D0-8D11-00A0C91BC942}") = "Day9_MarbleMania_Part1", "Day9_MarbleMania_Part1\Day9_MarbleMania_Part1.vcxproj", "{BD1F3630-1332-4938-AE7E-58664530D6B5}"
EndProject
Project("{8BC9CEB8-8B4A-11D0-8D11-00A0C91BC942}") = "Day9_MarbleMania_Part2", "Day9_MarbleMania_Part2\Day9_MarbleMania_Part2.vcxproj", "{FD37F4B9-E1E2-49C9-939E-C20A374904AD}"
EndProject
Project("{8BC9CEB8-8B4A-11D0-8D11-00A0C91BC942}") = "Day10_TheStarsAlign_Part1", "Day10_TheStarsAlign_Part1\Day10_TheStarsAlign_Part1.vcxproj", "{74C2F912-8619-4A6E-B4D9-B2610742D8B9}"
EndProject
Project("{8BC9CEB8-8B4A-11D0-8D11-00A0C91BC942}") = "Day10_TheStarsAlign_Common", "Day10_TheStarsAlign_Common\Day10_TheStarsAlign_Common.vcxitems", "{6A6FCE0A-60FE-4A19-85A8-1A4C41DCE159}"
EndProject
Project("{8BC9CEB8-8B4A-11D0-8D11-00A0C91BC942}") = "Day11_ChronalCharge_Part1", "Day11_ChronalCharge_Part1\Day11_ChronalCharge_Part1.vcxproj", "{ACD135A8-CCEF-4423-AA9A-C3226D487F36}"
EndProject
Project("{8BC9CEB8-8B4A-11D0-8D11-00A0C91BC942}") = "Day11_ChronalCharge_Part2", "Day11_ChronalCharge_Part2\Day11_ChronalCharge_Part2.vcxproj", "{743FE2C4-2084-4C61-825B-1FA755A63CA5}"
EndProject
Project("{8BC9CEB8-8B4A-11D0-8D11-00A0C91BC942}") = "Day12_SubterraneanSustainability_Part1", "Day12_SubterraneanSustainability_Part1\Day12_SubterraneanSustainability_Part1.vcxproj", "{7FEF80C9-2EF4-4928-AC0A-21E000A9E31F}"
EndProject
Project("{8BC9CEB8-8B4A-11D0-8D11-00A0C91BC942}") = "Day12_SubterraneanSustainability_Common", "Day12_SubterraneanSustainability_Common\Day12_SubterraneanSustainability_Common.vcxitems", "{A2B82B93-7DE1-4C3B-85C0-DE7D7B256DF0}"
EndProject
Project("{8BC9CEB8-8B4A-11D0-8D11-00A0C91BC942}") = "Day12_SubterraneanSustainability_Part2", "Day12_SubterraneanSustainability_Part2\Day12_SubterraneanSustainability_Part2.vcxproj", "{CDD39D30-3D85-4F38-AE77-C8FC9AE3122E}"
EndProject
Project("{8BC9CEB8-8B4A-11D0-8D11-00A0C91BC942}") = "Day15_BeverageBandits_Part1", "Day15_BeverageBandits_Part1\Day15_BeverageBandits_Part1.vcxproj", "{1751037D-8DC2-4B1A-AFEB-08C769FF613C}"
EndProject
Project("{8BC9CEB8-8B4A-11D0-8D11-00A0C91BC942}") = "Day15_BeverageBandits_Common", "Day15_BeverageBandits_Common\Day15_BeverageBandits_Common.vcxitems", "{31AD24A6-0CD7-4E83-83C7-1D97E0000FEE}"
EndProject
Global
	GlobalSection(SharedMSBuildProjectFiles) = preSolution
		Day8_MemoryManeuver_Common\Day8_MemoryManeuver_Common.vcxitems*{0099a750-fbad-4005-b51d-ce3c10edbbaa}*SharedItemsImports = 9
		Day15_BeverageBandits_Common\Day15_BeverageBandits_Common.vcxitems*{1751037d-8dc2-4b1a-afeb-08c769ff613c}*SharedItemsImports = 4
		Day7_TheSumOfItsParts_Common\Day7_TheSumOfItsParts_Common.vcxitems*{17ba319b-6217-4f00-9dba-92e946309569}*SharedItemsImports = 4
		Day15_BeverageBandits_Common\Day15_BeverageBandits_Common.vcxitems*{31ad24a6-0cd7-4e83-83c7-1d97e0000fee}*SharedItemsImports = 9
		Day8_MemoryManeuver_Common\Day8_MemoryManeuver_Common.vcxitems*{33351026-0a7d-4c8e-8083-aee9946f8770}*SharedItemsImports = 4
		Day8_MemoryManeuver_Common\Day8_MemoryManeuver_Common.vcxitems*{343312eb-9a8b-48f5-8857-e45abcca6643}*SharedItemsImports = 4
		Day10_TheStarsAlign_Common\Day10_TheStarsAlign_Common.vcxitems*{6a6fce0a-60fe-4a19-85a8-1a4c41dce159}*SharedItemsImports = 9
		Day10_TheStarsAlign_Common\Day10_TheStarsAlign_Common.vcxitems*{74c2f912-8619-4a6e-b4d9-b2610742d8b9}*SharedItemsImports = 4
		Day12_SubterraneanSustainability_Common\Day12_SubterraneanSustainability_Common.vcxitems*{7fef80c9-2ef4-4928-ac0a-21e000a9e31f}*SharedItemsImports = 4
		Day12_SubterraneanSustainability_Common\Day12_SubterraneanSustainability_Common.vcxitems*{a2b82b93-7de1-4c3b-85c0-de7d7b256df0}*SharedItemsImports = 9
		Day7_TheSumOfItsParts_Common\Day7_TheSumOfItsParts_Common.vcxitems*{bb29d2d9-ca0b-4832-ad66-f912e460b2ff}*SharedItemsImports = 4
		Day12_SubterraneanSustainability_Common\Day12_SubterraneanSustainability_Common.vcxitems*{cdd39d30-3d85-4f38-ae77-c8fc9ae3122e}*SharedItemsImports = 4
		Day7_TheSumOfItsParts_Common\Day7_TheSumOfItsParts_Common.vcxitems*{f7a6570b-8394-4383-9d01-a0da24f7b414}*SharedItemsImports = 9
	EndGlobalSection
	GlobalSection(SolutionConfigurationPlatforms) = preSolution
		Debug|x64 = Debug|x64
		Debug|x86 = Debug|x86
		Release|x64 = Release|x64
		Release|x86 = Release|x86
	EndGlobalSection
	GlobalSection(ProjectConfigurationPlatforms) = postSolution
		{FD715378-8A7C-473E-9EB5-F9B035122F81}.Debug|x64.ActiveCfg = Debug|x64
		{FD715378-8A7C-473E-9EB5-F9B035122F81}.Debug|x64.Build.0 = Debug|x64
		{FD715378-8A7C-473E-9EB5-F9B035122F81}.Debug|x86.ActiveCfg = Debug|Win32
		{FD715378-8A7C-473E-9EB5-F9B035122F81}.Debug|x86.Build.0 = Debug|Win32
		{FD715378-8A7C-473E-9EB5-F9B035122F81}.Release|x64.ActiveCfg = Release|x64
		{FD715378-8A7C-473E-9EB5-F9B035122F81}.Release|x64.Build.0 = Release|x64
		{FD715378-8A7C-473E-9EB5-F9B035122F81}.Release|x86.ActiveCfg = Release|Win32
		{FD715378-8A7C-473E-9EB5-F9B035122F81}.Release|x86.Build.0 = Release|Win32
		{1CB94034-26C9-44E0-A135-D90F49B8334A}.Debug|x64.ActiveCfg = Debug|x64
		{1CB94034-26C9-44E0-A135-D90F49B8334A}.Debug|x64.Build.0 = Debug|x64
		{1CB94034-26C9-44E0-A135-D90F49B8334A}.Debug|x86.ActiveCfg = Debug|Win32
		{1CB94034-26C9-44E0-A135-D90F49B8334A}.Debug|x86.Build.0 = Debug|Win32
		{1CB94034-26C9-44E0-A135-D90F49B8334A}.Release|x64.ActiveCfg = Release|x64
		{1CB94034-26C9-44E0-A135-D90F49B8334A}.Release|x64.Build.0 = Release|x64
		{1CB94034-26C9-44E0-A135-D90F49B8334A}.Release|x86.ActiveCfg = Release|Win32
		{1CB94034-26C9-44E0-A135-D90F49B8334A}.Release|x86.Build.0 = Release|Win32
		{EB2E67C1-CF89-4504-9489-BC3A7B11198F}.Debug|x64.ActiveCfg = Debug|x64
		{EB2E67C1-CF89-4504-9489-BC3A7B11198F}.Debug|x64.Build.0 = Debug|x64
		{EB2E67C1-CF89-4504-9489-BC3A7B11198F}.Debug|x86.ActiveCfg = Debug|Win32
		{EB2E67C1-CF89-4504-9489-BC3A7B11198F}.Debug|x86.Build.0 = Debug|Win32
		{EB2E67C1-CF89-4504-9489-BC3A7B11198F}.Release|x64.ActiveCfg = Release|x64
		{EB2E67C1-CF89-4504-9489-BC3A7B11198F}.Release|x64.Build.0 = Release|x64
		{EB2E67C1-CF89-4504-9489-BC3A7B11198F}.Release|x86.ActiveCfg = Release|Win32
		{EB2E67C1-CF89-4504-9489-BC3A7B11198F}.Release|x86.Build.0 = Release|Win32
		{A337E241-F827-4CE0-B34C-48ABDF93C286}.Debug|x64.ActiveCfg = Debug|x64
		{A337E241-F827-4CE0-B34C-48ABDF93C286}.Debug|x64.Build.0 = Debug|x64
		{A337E241-F827-4CE0-B34C-48ABDF93C286}.Debug|x86.ActiveCfg = Debug|Win32
		{A337E241-F827-4CE0-B34C-48ABDF93C286}.Debug|x86.Build.0 = Debug|Win32
		{A337E241-F827-4CE0-B34C-48ABDF93C286}.Release|x64.ActiveCfg = Release|x64
		{A337E241-F827-4CE0-B34C-48ABDF93C286}.Release|x64.Build.0 = Release|x64
		{A337E241-F827-4CE0-B34C-48ABDF93C286}.Release|x86.ActiveCfg = Release|Win32
		{A337E241-F827-4CE0-B34C-48ABDF93C286}.Release|x86.Build.0 = Release|Win32
		{F146BC95-79F1-4A92-AEBD-E2F5BA48B582}.Debug|x64.ActiveCfg = Debug|x64
		{F146BC95-79F1-4A92-AEBD-E2F5BA48B582}.Debug|x64.Build.0 = Debug|x64
		{F146BC95-79F1-4A92-AEBD-E2F5BA48B582}.Debug|x86.ActiveCfg = Debug|Win32
		{F146BC95-79F1-4A92-AEBD-E2F5BA48B582}.Debug|x86.Build.0 = Debug|Win32
		{F146BC95-79F1-4A92-AEBD-E2F5BA48B582}.Release|x64.ActiveCfg = Release|x64
		{F146BC95-79F1-4A92-AEBD-E2F5BA48B582}.Release|x64.Build.0 = Release|x64
		{F146BC95-79F1-4A92-AEBD-E2F5BA48B582}.Release|x86.ActiveCfg = Release|Win32
		{F146BC95-79F1-4A92-AEBD-E2F5BA48B582}.Release|x86.Build.0 = Release|Win32
		{6D4D780B-C9EA-4433-BA7D-ED9E83AA9B32}.Debug|x64.ActiveCfg = Debug|x64
		{6D4D780B-C9EA-4433-BA7D-ED9E83AA9B32}.Debug|x64.Build.0 = Debug|x64
		{6D4D780B-C9EA-4433-BA7D-ED9E83AA9B32}.Debug|x86.ActiveCfg = Debug|Win32
		{6D4D780B-C9EA-4433-BA7D-ED9E83AA9B32}.Debug|x86.Build.0 = Debug|Win32
		{6D4D780B-C9EA-4433-BA7D-ED9E83AA9B32}.Release|x64.ActiveCfg = Release|x64
		{6D4D780B-C9EA-4433-BA7D-ED9E83AA9B32}.Release|x64.Build.0 = Release|x64
		{6D4D780B-C9EA-4433-BA7D-ED9E83AA9B32}.Release|x86.ActiveCfg = Release|Win32
		{6D4D780B-C9EA-4433-BA7D-ED9E83AA9B32}.Release|x86.Build.0 = Release|Win32
		{7CEBD27F-973B-4745-8EF3-10D28DDAA221}.Debug|x64.ActiveCfg = Debug|x64
		{7CEBD27F-973B-4745-8EF3-10D28DDAA221}.Debug|x64.Build.0 = Debug|x64
		{7CEBD27F-973B-4745-8EF3-10D28DDAA221}.Debug|x86.ActiveCfg = Debug|Win32
		{7CEBD27F-973B-4745-8EF3-10D28DDAA221}.Debug|x86.Build.0 = Debug|Win32
		{7CEBD27F-973B-4745-8EF3-10D28DDAA221}.Release|x64.ActiveCfg = Release|x64
		{7CEBD27F-973B-4745-8EF3-10D28DDAA221}.Release|x64.Build.0 = Release|x64
		{7CEBD27F-973B-4745-8EF3-10D28DDAA221}.Release|x86.ActiveCfg = Release|Win32
		{7CEBD27F-973B-4745-8EF3-10D28DDAA221}.Release|x86.Build.0 = Release|Win32
		{6524E47D-0C3F-4139-99AB-F1C899703B62}.Debug|x64.ActiveCfg = Debug|x64
		{6524E47D-0C3F-4139-99AB-F1C899703B62}.Debug|x64.Build.0 = Debug|x64
		{6524E47D-0C3F-4139-99AB-F1C899703B62}.Debug|x86.ActiveCfg = Debug|Win32
		{6524E47D-0C3F-4139-99AB-F1C899703B62}.Debug|x86.Build.0 = Debug|Win32
		{6524E47D-0C3F-4139-99AB-F1C899703B62}.Release|x64.ActiveCfg = Release|x64
		{6524E47D-0C3F-4139-99AB-F1C899703B62}.Release|x64.Build.0 = Release|x64
		{6524E47D-0C3F-4139-99AB-F1C899703B62}.Release|x86.ActiveCfg = Release|Win32
		{6524E47D-0C3F-4139-99AB-F1C899703B62}.Release|x86.Build.0 = Release|Win32
		{1C734BFA-57D5-428D-8876-7A853D801C4B}.Debug|x64.ActiveCfg = Debug|x64
		{1C734BFA-57D5-428D-8876-7A853D801C4B}.Debug|x64.Build.0 = Debug|x64
		{1C734BFA-57D5-428D-8876-7A853D801C4B}.Debug|x86.ActiveCfg = Debug|Win32
		{1C734BFA-57D5-428D-8876-7A853D801C4B}.Debug|x86.Build.0 = Debug|Win32
		{1C734BFA-57D5-428D-8876-7A853D801C4B}.Release|x64.ActiveCfg = Release|x64
		{1C734BFA-57D5-428D-8876-7A853D801C4B}.Release|x64.Build.0 = Release|x64
		{1C734BFA-57D5-428D-8876-7A853D801C4B}.Release|x86.ActiveCfg = Release|Win32
		{1C734BFA-57D5-428D-8876-7A853D801C4B}.Release|x86.Build.0 = Release|Win32
		{BB29D2D9-CA0B-4832-AD66-F912E460B2FF}.Debug|x64.ActiveCfg = Debug|x64
		{BB29D2D9-CA0B-4832-AD66-F912E460B2FF}.Debug|x64.Build.0 = Debug|x64
		{BB29D2D9-CA0B-4832-AD66-F912E460B2FF}.Debug|x86.ActiveCfg = Debug|Win32
		{BB29D2D9-CA0B-4832-AD66-F912E460B2FF}.Debug|x86.Build.0 = Debug|Win32
		{BB29D2D9-CA0B-4832-AD66-F912E460B2FF}.Release|x64.ActiveCfg = Release|x64
		{BB29D2D9-CA0B-4832-AD66-F912E460B2FF}.Release|x64.Build.0 = Release|x64
		{BB29D2D9-CA0B-4832-AD66-F912E460B2FF}.Release|x86.ActiveCfg = Release|Win32
		{BB29D2D9-CA0B-4832-AD66-F912E460B2FF}.Release|x86.Build.0 = Release|Win32
		{17BA319B-6217-4F00-9DBA-92E946309569}.Debug|x64.ActiveCfg = Debug|x64
		{17BA319B-6217-4F00-9DBA-92E946309569}.Debug|x64.Build.0 = Debug|x64
		{17BA319B-6217-4F00-9DBA-92E946309569}.Debug|x86.ActiveCfg = Debug|Win32
		{17BA319B-6217-4F00-9DBA-92E946309569}.Debug|x86.Build.0 = Debug|Win32
		{17BA319B-6217-4F00-9DBA-92E946309569}.Release|x64.ActiveCfg = Release|x64
		{17BA319B-6217-4F00-9DBA-92E946309569}.Release|x64.Build.0 = Release|x64
		{17BA319B-6217-4F00-9DBA-92E946309569}.Release|x86.ActiveCfg = Release|Win32
		{17BA319B-6217-4F00-9DBA-92E946309569}.Release|x86.Build.0 = Release|Win32
		{33351026-0A7D-4C8E-8083-AEE9946F8770}.Debug|x64.ActiveCfg = Debug|x64
		{33351026-0A7D-4C8E-8083-AEE9946F8770}.Debug|x64.Build.0 = Debug|x64
		{33351026-0A7D-4C8E-8083-AEE9946F8770}.Debug|x86.ActiveCfg = Debug|Win32
		{33351026-0A7D-4C8E-8083-AEE9946F8770}.Debug|x86.Build.0 = Debug|Win32
		{33351026-0A7D-4C8E-8083-AEE9946F8770}.Release|x64.ActiveCfg = Release|x64
		{33351026-0A7D-4C8E-8083-AEE9946F8770}.Release|x64.Build.0 = Release|x64
		{33351026-0A7D-4C8E-8083-AEE9946F8770}.Release|x86.ActiveCfg = Release|Win32
		{33351026-0A7D-4C8E-8083-AEE9946F8770}.Release|x86.Build.0 = Release|Win32
		{343312EB-9A8B-48F5-8857-E45ABCCA6643}.Debug|x64.ActiveCfg = Debug|x64
		{343312EB-9A8B-48F5-8857-E45ABCCA6643}.Debug|x64.Build.0 = Debug|x64
		{343312EB-9A8B-48F5-8857-E45ABCCA6643}.Debug|x86.ActiveCfg = Debug|Win32
		{343312EB-9A8B-48F5-8857-E45ABCCA6643}.Debug|x86.Build.0 = Debug|Win32
		{343312EB-9A8B-48F5-8857-E45ABCCA6643}.Release|x64.ActiveCfg = Release|x64
		{343312EB-9A8B-48F5-8857-E45ABCCA6643}.Release|x64.Build.0 = Release|x64
		{343312EB-9A8B-48F5-8857-E45ABCCA6643}.Release|x86.ActiveCfg = Release|Win32
		{343312EB-9A8B-48F5-8857-E45ABCCA6643}.Release|x86.Build.0 = Release|Win32
		{BD1F3630-1332-4938-AE7E-58664530D6B5}.Debug|x64.ActiveCfg = Debug|x64
		{BD1F3630-1332-4938-AE7E-58664530D6B5}.Debug|x64.Build.0 = Debug|x64
		{BD1F3630-1332-4938-AE7E-58664530D6B5}.Debug|x86.ActiveCfg = Debug|Win32
		{BD1F3630-1332-4938-AE7E-58664530D6B5}.Debug|x86.Build.0 = Debug|Win32
		{BD1F3630-1332-4938-AE7E-58664530D6B5}.Release|x64.ActiveCfg = Release|x64
		{BD1F3630-1332-4938-AE7E-58664530D6B5}.Release|x64.Build.0 = Release|x64
		{BD1F3630-1332-4938-AE7E-58664530D6B5}.Release|x86.ActiveCfg = Release|Win32
		{BD1F3630-1332-4938-AE7E-58664530D6B5}.Release|x86.Build.0 = Release|Win32
		{FD37F4B9-E1E2-49C9-939E-C20A374904AD}.Debug|x64.ActiveCfg = Debug|x64
		{FD37F4B9-E1E2-49C9-939E-C20A374904AD}.Debug|x64.Build.0 = Debug|x64
		{FD37F4B9-E1E2-49C9-939E-C20A374904AD}.Debug|x86.ActiveCfg = Debug|Win32
		{FD37F4B9-E1E2-49C9-939E-C20A374904AD}.Debug|x86.Build.0 = Debug|Win32
		{FD37F4B9-E1E2-49C9-939E-C20A374904AD}.Release|x64.ActiveCfg = Release|x64
		{FD37F4B9-E1E2-49C9-939E-C20A374904AD}.Release|x64.Build.0 = Release|x64
		{FD37F4B9-E1E2-49C9-939E-C20A374904AD}.Release|x86.ActiveCfg = Release|Win32
		{FD37F4B9-E1E2-49C9-939E-C20A374904AD}.Release|x86.Build.0 = Release|Win32
		{74C2F912-8619-4A6E-B4D9-B2610742D8B9}.Debug|x64.ActiveCfg = Debug|x64
		{74C2F912-8619-4A6E-B4D9-B2610742D8B9}.Debug|x64.Build.0 = Debug|x64
		{74C2F912-8619-4A6E-B4D9-B2610742D8B9}.Debug|x86.ActiveCfg = Debug|Win32
		{74C2F912-8619-4A6E-B4D9-B2610742D8B9}.Debug|x86.Build.0 = Debug|Win32
		{74C2F912-8619-4A6E-B4D9-B2610742D8B9}.Release|x64.ActiveCfg = Release|x64
		{74C2F912-8619-4A6E-B4D9-B2610742D8B9}.Release|x64.Build.0 = Release|x64
		{74C2F912-8619-4A6E-B4D9-B2610742D8B9}.Release|x86.ActiveCfg = Release|Win32
		{74C2F912-8619-4A6E-B4D9-B2610742D8B9}.Release|x86.Build.0 = Release|Win32
		{ACD135A8-CCEF-4423-AA9A-C3226D487F36}.Debug|x64.ActiveCfg = Debug|x64
		{ACD135A8-CCEF-4423-AA9A-C3226D487F36}.Debug|x64.Build.0 = Debug|x64
		{ACD135A8-CCEF-4423-AA9A-C3226D487F36}.Debug|x86.ActiveCfg = Debug|Win32
		{ACD135A8-CCEF-4423-AA9A-C3226D487F36}.Debug|x86.Build.0 = Debug|Win32
		{ACD135A8-CCEF-4423-AA9A-C3226D487F36}.Release|x64.ActiveCfg = Release|x64
		{ACD135A8-CCEF-4423-AA9A-C3226D487F36}.Release|x64.Build.0 = Release|x64
		{ACD135A8-CCEF-4423-AA9A-C3226D487F36}.Release|x86.ActiveCfg = Release|Win32
		{ACD135A8-CCEF-4423-AA9A-C3226D487F36}.Release|x86.Build.0 = Release|Win32
		{743FE2C4-2084-4C61-825B-1FA755A63CA5}.Debug|x64.ActiveCfg = Debug|x64
		{743FE2C4-2084-4C61-825B-1FA755A63CA5}.Debug|x64.Build.0 = Debug|x64
		{743FE2C4-2084-4C61-825B-1FA755A63CA5}.Debug|x86.ActiveCfg = Debug|Win32
		{743FE2C4-2084-4C61-825B-1FA755A63CA5}.Debug|x86.Build.0 = Debug|Win32
		{743FE2C4-2084-4C61-825B-1FA755A63CA5}.Release|x64.ActiveCfg = Release|x64
		{743FE2C4-2084-4C61-825B-1FA755A63CA5}.Release|x64.Build.0 = Release|x64
		{743FE2C4-2084-4C61-825B-1FA755A63CA5}.Release|x86.ActiveCfg = Release|Win32
		{743FE2C4-2084-4C61-825B-1FA755A63CA5}.Release|x86.Build.0 = Release|Win32
		{7FEF80C9-2EF4-4928-AC0A-21E000A9E31F}.Debug|x64.ActiveCfg = Debug|x64
		{7FEF80C9-2EF4-4928-AC0A-21E000A9E31F}.Debug|x64.Build.0 = Debug|x64
		{7FEF80C9-2EF4-4928-AC0A-21E000A9E31F}.Debug|x86.ActiveCfg = Debug|Win32
		{7FEF80C9-2EF4-4928-AC0A-21E000A9E31F}.Debug|x86.Build.0 = Debug|Win32
		{7FEF80C9-2EF4-4928-AC0A-21E000A9E31F}.Release|x64.ActiveCfg = Release|x64
		{7FEF80C9-2EF4-4928-AC0A-21E000A9E31F}.Release|x64.Build.0 = Release|x64
		{7FEF80C9-2EF4-4928-AC0A-21E000A9E31F}.Release|x86.ActiveCfg = Release|Win32
		{7FEF80C9-2EF4-4928-AC0A-21E000A9E31F}.Release|x86.Build.0 = Release|Win32
		{CDD39D30-3D85-4F38-AE77-C8FC9AE3122E}.Debug|x64.ActiveCfg = Debug|x64
		{CDD39D30-3D85-4F38-AE77-C8FC9AE3122E}.Debug|x64.Build.0 = Debug|x64
		{CDD39D30-3D85-4F38-AE77-C8FC9AE3122E}.Debug|x86.ActiveCfg = Debug|Win32
		{CDD39D30-3D85-4F38-AE77-C8FC9AE3122E}.Debug|x86.Build.0 = Debug|Win32
		{CDD39D30-3D85-4F38-AE77-C8FC9AE3122E}.Release|x64.ActiveCfg = Release|x64
		{CDD39D30-3D85-4F38-AE77-C8FC9AE3122E}.Release|x64.Build.0 = Release|x64
		{CDD39D30-3D85-4F38-AE77-C8FC9AE3122E}.Release|x86.ActiveCfg = Release|Win32
		{CDD39D30-3D85-4F38-AE77-C8FC9AE3122E}.Release|x86.Build.0 = Release|Win32
		{1751037D-8DC2-4B1A-AFEB-08C769FF613C}.Debug|x64.ActiveCfg = Debug|x64
		{1751037D-8DC2-4B1A-AFEB-08C769FF613C}.Debug|x64.Build.0 = Debug|x64
		{1751037D-8DC2-4B1A-AFEB-08C769FF613C}.Debug|x86.ActiveCfg = Debug|Win32
		{1751037D-8DC2-4B1A-AFEB-08C769FF613C}.Debug|x86.Build.0 = Debug|Win32
		{1751037D-8DC2-4B1A-AFEB-08C769FF613C}.Release|x64.ActiveCfg = Release|x64
		{1751037D-8DC2-4B1A-AFEB-08C769FF613C}.Release|x64.Build.0 = Release|x64
		{1751037D-8DC2-4B1A-AFEB-08C769FF613C}.Release|x86.ActiveCfg = Release|Win32
		{1751037D-8DC2-4B1A-AFEB-08C769FF613C}.Release|x86.Build.0 = Release|Win32
	EndGlobalSection
	GlobalSection(SolutionProperties) = preSolution
		HideSolutionNode = FALSE
	EndGlobalSection
	GlobalSection(ExtensibilityGlobals) = postSolution
		SolutionGuid = {3E4EB657-B36F-4663-9994-C7AEFE39476A}
	EndGlobalSection
EndGlobal
